
Microsoft Visual Studio Solution File, Format Version 12.00
# Visual Studio Express 2012 for Windows Desktop
Project("{FAE04EC0-301F-11D3-BF4B-00C04F79EFBC}") = "nessus-sharp", "nessus-sharp.csproj", "{C5D9ABF5-AF33-4479-8237-EAE828C5BFCE}"
EndProject
Global
	GlobalSection(SolutionConfigurationPlatforms) = preSolution
		Debug|Any CPU = Debug|Any CPU
		Release|Any CPU = Release|Any CPU
	EndGlobalSection
	GlobalSection(ProjectConfigurationPlatforms) = postSolution
		{C5D9ABF5-AF33-4479-8237-EAE828C5BFCE}.Debug|Any CPU.ActiveCfg = Debug|Any CPU
		{C5D9ABF5-AF33-4479-8237-EAE828C5BFCE}.Debug|Any CPU.Build.0 = Debug|Any CPU
		{C5D9ABF5-AF33-4479-8237-EAE828C5BFCE}.Release|Any CPU.ActiveCfg = Release|Any CPU
		{C5D9ABF5-AF33-4479-8237-EAE828C5BFCE}.Release|Any CPU.Build.0 = Release|Any CPU
	EndGlobalSection
	GlobalSection(SolutionProperties) = preSolution
		HideSolutionNode = FALSE
	EndGlobalSection
	GlobalSection(MonoDevelopProperties) = preSolution
		StartupItem = nessus-sharp.csproj
	EndGlobalSection
EndGlobal
